
Microsoft Visual Studio Solution File, Format Version 12.00
# Visual Studio Version 17
VisualStudioVersion = 17.3.32825.248
MinimumVisualStudioVersion = 10.0.40219.1
Project("{FAE04EC0-301F-11D3-BF4B-00C04F79EFBC}") = "strings", "strings\strings.csproj", "{130C23E3-4ECE-4D97-BFA9-12323E392F4C}"
EndProject
Global
	GlobalSection(SolutionConfigurationPlatforms) = preSolution
		Debug|Any CPU = Debug|Any CPU
		Release|Any CPU = Release|Any CPU
	EndGlobalSection
	GlobalSection(ProjectConfigurationPlatforms) = postSolution
		{130C23E3-4ECE-4D97-BFA9-12323E392F4C}.Debug|Any CPU.ActiveCfg = Debug|Any CPU
		{130C23E3-4ECE-4D97-BFA9-12323E392F4C}.Debug|Any CPU.Build.0 = Debug|Any CPU
		{130C23E3-4ECE-4D97-BFA9-12323E392F4C}.Release|Any CPU.ActiveCfg = Release|Any CPU
		{130C23E3-4ECE-4D97-BFA9-12323E392F4C}.Release|Any CPU.Build.0 = Release|Any CPU
	EndGlobalSection
	GlobalSection(SolutionProperties) = preSolution
		HideSolutionNode = FALSE
	EndGlobalSection
	GlobalSection(ExtensibilityGlobals) = postSolution
		SolutionGuid = {EF026A9D-8108-4B5F-BCA6-0C07916DE285}
	EndGlobalSection
EndGlobal
